
Microsoft Visual Studio Solution File, Format Version 12.00
# Visual Studio Version 16
VisualStudioVersion = 16.0.29519.87
MinimumVisualStudioVersion = 10.0.40219.1
Project("{FAE04EC0-301F-11D3-BF4B-00C04F79EFBC}") = "01_BinarySearch", "01_BinarySearch\01_BinarySearch.csproj", "{D915E564-017C-4A59-B056-A98B848A24D9}"
EndProject
Project("{FAE04EC0-301F-11D3-BF4B-00C04F79EFBC}") = "02_Selectionsort", "02_Selectionsort\02_Selectionsort.csproj", "{CF176FDA-C5E3-4B08-9585-AA6F3CA6BA56}"
EndProject
Project("{FAE04EC0-301F-11D3-BF4B-00C04F79EFBC}") = "03_Quicksort", "03_Quicksort\03_Quicksort.csproj", "{EE841ED3-B737-4ECA-872A-5BCC50CC1BA2}"
EndProject
Project("{2150E333-8FDC-42A3-9474-1A3956D46DE8}") = "SearchAndSort", "SearchAndSort", "{47082ACD-EACB-4D10-BBA3-C87C76995F6D}"
EndProject
Project("{2150E333-8FDC-42A3-9474-1A3956D46DE8}") = "AlgoExpert", "AlgoExpert", "{4EC85070-F844-409D-96C5-79191C970A8A}"
EndProject
Project("{9A19103F-16F7-4668-BE54-9A1E7A4F7556}") = "ThreeNumberSum", "AlgoExpert\ThreeNumberSum\ThreeNumberSum.csproj", "{A26A04B3-D20D-4E22-BC3A-B77D8644C14F}"
EndProject
Project("{2150E333-8FDC-42A3-9474-1A3956D46DE8}") = "ThreeNumberSum", "ThreeNumberSum", "{C1AE6651-8691-41D1-9EEA-5D219CA15231}"
EndProject
Project("{9A19103F-16F7-4668-BE54-9A1E7A4F7556}") = "ThreeNumberSum.Test", "TestProjects\ThreeNumberSum.Test\ThreeNumberSum.Test.csproj", "{0A86D098-5999-4FB6-9C7A-E52FF31AB417}"
EndProject
Project("{FAE04EC0-301F-11D3-BF4B-00C04F79EFBC}") = "AirportConnections", "AlgoExpert\AirportConnections\AirportConnections.csproj", "{17A3A3B1-E166-43BA-86EB-A88605258A3B}"
EndProject
Project("{2150E333-8FDC-42A3-9474-1A3956D46DE8}") = "AirportConnections", "AirportConnections", "{FC0F749A-25B4-4355-B1DF-A95B9F65601A}"
EndProject
Project("{FAE04EC0-301F-11D3-BF4B-00C04F79EFBC}") = "AirportConnections.Test", "TestProjects\AirportConnections.Test\AirportConnections.Test.csproj", "{9499B74F-B87E-418F-AA36-79B7C12B78D6}"
EndProject
Global
	GlobalSection(SolutionConfigurationPlatforms) = preSolution
		Debug|Any CPU = Debug|Any CPU
		Release|Any CPU = Release|Any CPU
	EndGlobalSection
	GlobalSection(ProjectConfigurationPlatforms) = postSolution
		{D915E564-017C-4A59-B056-A98B848A24D9}.Debug|Any CPU.ActiveCfg = Debug|Any CPU
		{D915E564-017C-4A59-B056-A98B848A24D9}.Debug|Any CPU.Build.0 = Debug|Any CPU
		{D915E564-017C-4A59-B056-A98B848A24D9}.Release|Any CPU.ActiveCfg = Release|Any CPU
		{D915E564-017C-4A59-B056-A98B848A24D9}.Release|Any CPU.Build.0 = Release|Any CPU
		{CF176FDA-C5E3-4B08-9585-AA6F3CA6BA56}.Debug|Any CPU.ActiveCfg = Debug|Any CPU
		{CF176FDA-C5E3-4B08-9585-AA6F3CA6BA56}.Debug|Any CPU.Build.0 = Debug|Any CPU
		{CF176FDA-C5E3-4B08-9585-AA6F3CA6BA56}.Release|Any CPU.ActiveCfg = Release|Any CPU
		{CF176FDA-C5E3-4B08-9585-AA6F3CA6BA56}.Release|Any CPU.Build.0 = Release|Any CPU
		{EE841ED3-B737-4ECA-872A-5BCC50CC1BA2}.Debug|Any CPU.ActiveCfg = Debug|Any CPU
		{EE841ED3-B737-4ECA-872A-5BCC50CC1BA2}.Debug|Any CPU.Build.0 = Debug|Any CPU
		{EE841ED3-B737-4ECA-872A-5BCC50CC1BA2}.Release|Any CPU.ActiveCfg = Release|Any CPU
		{EE841ED3-B737-4ECA-872A-5BCC50CC1BA2}.Release|Any CPU.Build.0 = Release|Any CPU
		{A26A04B3-D20D-4E22-BC3A-B77D8644C14F}.Debug|Any CPU.ActiveCfg = Debug|Any CPU
		{A26A04B3-D20D-4E22-BC3A-B77D8644C14F}.Debug|Any CPU.Build.0 = Debug|Any CPU
		{A26A04B3-D20D-4E22-BC3A-B77D8644C14F}.Release|Any CPU.ActiveCfg = Release|Any CPU
		{A26A04B3-D20D-4E22-BC3A-B77D8644C14F}.Release|Any CPU.Build.0 = Release|Any CPU
		{0A86D098-5999-4FB6-9C7A-E52FF31AB417}.Debug|Any CPU.ActiveCfg = Debug|Any CPU
		{0A86D098-5999-4FB6-9C7A-E52FF31AB417}.Debug|Any CPU.Build.0 = Debug|Any CPU
		{0A86D098-5999-4FB6-9C7A-E52FF31AB417}.Release|Any CPU.ActiveCfg = Release|Any CPU
		{0A86D098-5999-4FB6-9C7A-E52FF31AB417}.Release|Any CPU.Build.0 = Release|Any CPU
		{17A3A3B1-E166-43BA-86EB-A88605258A3B}.Debug|Any CPU.ActiveCfg = Debug|Any CPU
		{17A3A3B1-E166-43BA-86EB-A88605258A3B}.Debug|Any CPU.Build.0 = Debug|Any CPU
		{17A3A3B1-E166-43BA-86EB-A88605258A3B}.Release|Any CPU.ActiveCfg = Release|Any CPU
		{17A3A3B1-E166-43BA-86EB-A88605258A3B}.Release|Any CPU.Build.0 = Release|Any CPU
		{9499B74F-B87E-418F-AA36-79B7C12B78D6}.Debug|Any CPU.ActiveCfg = Debug|Any CPU
		{9499B74F-B87E-418F-AA36-79B7C12B78D6}.Debug|Any CPU.Build.0 = Debug|Any CPU
		{9499B74F-B87E-418F-AA36-79B7C12B78D6}.Release|Any CPU.ActiveCfg = Release|Any CPU
		{9499B74F-B87E-418F-AA36-79B7C12B78D6}.Release|Any CPU.Build.0 = Release|Any CPU
	EndGlobalSection
	GlobalSection(SolutionProperties) = preSolution
		HideSolutionNode = FALSE
	EndGlobalSection
	GlobalSection(NestedProjects) = preSolution
		{D915E564-017C-4A59-B056-A98B848A24D9} = {47082ACD-EACB-4D10-BBA3-C87C76995F6D}
		{CF176FDA-C5E3-4B08-9585-AA6F3CA6BA56} = {47082ACD-EACB-4D10-BBA3-C87C76995F6D}
		{EE841ED3-B737-4ECA-872A-5BCC50CC1BA2} = {47082ACD-EACB-4D10-BBA3-C87C76995F6D}
		{A26A04B3-D20D-4E22-BC3A-B77D8644C14F} = {C1AE6651-8691-41D1-9EEA-5D219CA15231}
		{C1AE6651-8691-41D1-9EEA-5D219CA15231} = {4EC85070-F844-409D-96C5-79191C970A8A}
		{0A86D098-5999-4FB6-9C7A-E52FF31AB417} = {C1AE6651-8691-41D1-9EEA-5D219CA15231}
		{17A3A3B1-E166-43BA-86EB-A88605258A3B} = {FC0F749A-25B4-4355-B1DF-A95B9F65601A}
		{FC0F749A-25B4-4355-B1DF-A95B9F65601A} = {4EC85070-F844-409D-96C5-79191C970A8A}
		{9499B74F-B87E-418F-AA36-79B7C12B78D6} = {FC0F749A-25B4-4355-B1DF-A95B9F65601A}
	EndGlobalSection
	GlobalSection(ExtensibilityGlobals) = postSolution
		SolutionGuid = {5D93FB1E-27B9-4B8C-A651-AE566547003F}
	EndGlobalSection
EndGlobal
